
Microsoft Visual Studio Solution File, Format Version 12.00
# Visual Studio Version 17
VisualStudioVersion = 17.14.36811.4 d17.14
MinimumVisualStudioVersion = 10.0.40219.1
Project("{FAE04EC0-301F-11D3-BF4B-00C04F79EFBC}") = "Konversor", "Konversor\Konversor.csproj", "{07B93CC6-4574-45E3-B3F7-020C3D82A028}"
EndProject
Global
	GlobalSection(SolutionConfigurationPlatforms) = preSolution
		Debug|Any CPU = Debug|Any CPU
		Release|Any CPU = Release|Any CPU
	EndGlobalSection
	GlobalSection(ProjectConfigurationPlatforms) = postSolution
		{07B93CC6-4574-45E3-B3F7-020C3D82A028}.Debug|Any CPU.ActiveCfg = Debug|Any CPU
		{07B93CC6-4574-45E3-B3F7-020C3D82A028}.Debug|Any CPU.Build.0 = Debug|Any CPU
		{07B93CC6-4574-45E3-B3F7-020C3D82A028}.Release|Any CPU.ActiveCfg = Release|Any CPU
		{07B93CC6-4574-45E3-B3F7-020C3D82A028}.Release|Any CPU.Build.0 = Release|Any CPU
	EndGlobalSection
	GlobalSection(SolutionProperties) = preSolution
		HideSolutionNode = FALSE
	EndGlobalSection
	GlobalSection(ExtensibilityGlobals) = postSolution
		SolutionGuid = {78D238C6-8C43-4938-9EF5-3B077B88252F}
	EndGlobalSection
EndGlobal
